Microsoft Visual Studio Solution File, Format Version 12.00
# Visual Studio Version 17
VisualStudioVersion = 17.14.36518.9 d17.14
MinimumVisualStudioVersion = 10.0.40219.1
Project("{FAE04EC0-301F-11D3-BF4B-00C04F79EFBC}") = "SSX-Library", "SSX-Library\SSX-Library.csproj", "{16BD7081-1E32-40A8-9D7A-964E3402D860}"
EndProject
Global
	GlobalSection(SolutionConfigurationPlatforms) = preSolution
		Debug|Any CPU = Debug|Any CPU
		Release|Any CPU = Release|Any CPU
	EndGlobalSection
	GlobalSection(ProjectConfigurationPlatforms) = postSolution
		{16BD7081-1E32-40A8-9D7A-964E3402D860}.Debug|Any CPU.ActiveCfg = Debug|Any CPU
		{16BD7081-1E32-40A8-9D7A-964E3402D860}.Debug|Any CPU.Build.0 = Debug|Any CPU
		{16BD7081-1E32-40A8-9D7A-964E3402D860}.Release|Any CPU.ActiveCfg = Release|Any CPU
		{16BD7081-1E32-40A8-9D7A-964E3402D860}.Release|Any CPU.Build.0 = Release|Any CPU
	EndGlobalSection
	GlobalSection(SolutionProperties) = preSolution
		HideSolutionNode = FALSE
	EndGlobalSection
	GlobalSection(ExtensibilityGlobals) = postSolution
		SolutionGuid = {495AA425-28E1-4D1E-B418-4B3BDEBF95F7}
	EndGlobalSection
EndGlobal
